dependencies:
  espressif/usb:
    component_hash: 6c2cff118141dbbca181d0d27d71801fdddfc78f7ac03ae43f6e5a8cbd89cb99
    dependencies:
    - name: idf
      require: private
      version: '>=5.5.3'
    source:
      registry_url: https://components.espressif.com/
      type: service
    targets:
    - esp32s2
    - esp32s3
    - esp32s31
    - esp32p4
    - esp32h4
    - linux
    version: 1.5.0
  espressif/usb_host_hid:
    component_hash: a6c5366f9b6d80b0d5f56d085d62941464512e0968b96c5877e76a80fcc23f13
    dependencies:
    - name: idf
      require: private
      version: '>=5.0'
    - name: espressif/usb
      registry_url: https://components.espressif.com
      require: public
      rules:
      - if: idf_version >=6.0
      - if: target not in ["linux"]
      version: ^1.0.0
    source:
      registry_url: https://components.espressif.com/
      type: service
    targets:
    - esp32s2
    - esp32s3
    - esp32p4
    - esp32h4
    - esp32s31
    - linux
    version: 1.2.0
  idf:
    source:
      type: idf
    version: 5.5.3
direct_dependencies:
- espressif/usb
- espressif/usb_host_hid
- idf
manifest_hash: 3bbd3fc6e42c2f3f0cbc92765731ebf4246387f708271a18b6a39edf5f71efe9
target: esp32p4
version: 2.0.0
