dependencies:
  espressif/cmake_utilities:
    component_hash: 351350613ceafba240b761b4ea991e0f231ac7a9f59a9ee901f751bddc0bb18f
    dependencies:
    - name: idf
      require: private
      version: '>=4.1'
    source:
      registry_url: https://components.espressif.com
      type: service
    version: 0.5.3
  espressif/esp_lcd_ek79007:
    component_hash: 07c1afab7e9fd4dd2fd06ff9245e65327c5bbd5485efec199496e19a9304d47b
    dependencies:
    - name: espressif/cmake_utilities
      registry_url: https://components.espressif.com
      require: private
      version: 0.*
    - name: idf
      require: private
      version: '>=5.3'
    source:
      registry_url: https://components.espressif.com/
      type: service
    targets:
    - esp32p4
    version: 1.0.2
  espressif/esp_lcd_touch:
    component_hash: 779b4ba2464a3ae85681e4b860caa5fdc35801458c23f3039ee761bae7f442a4
    dependencies:
    - name: idf
      require: private
      version: '>=4.4.2'
    source:
      registry_url: https://components.espressif.com/
      type: service
    version: 1.1.2
  espressif/esp_lcd_touch_gt911:
    component_hash: acc1c184358aa29ef72506f618c9c76a8cc2bf12af38a2bff3d44d84f3a08857
    dependencies:
    - name: espressif/esp_lcd_touch
      registry_url: https://components.espressif.com
      require: public
      version: ^1.1.0
    - name: idf
      require: private
      version: '>=4.4.2'
    source:
      registry_url: https://components.espressif.com/
      type: service
    version: 1.1.3
  idf:
    source:
      type: idf
    version: 5.5.3
direct_dependencies:
- espressif/esp_lcd_ek79007
- espressif/esp_lcd_touch
- espressif/esp_lcd_touch_gt911
- idf
manifest_hash: c0c9deb3508f424e307b973695dbc2b2265c9c0fc8f500e8ff16d28b0e5e7034
target: esp32p4
version: 2.0.0
